
Microsoft Visual Studio Solution File, Format Version 12.00
# Visual Studio Version 16
VisualStudioVersion = 16.0.31129.286
MinimumVisualStudioVersion = 10.0.40219.1
Project("{9A19103F-16F7-4668-BE54-9A1E7A4F7556}") = "UserManagementAPI", "UserManagementAPI\UserManagementAPI.csproj", "{082DA4FC-1D19-4FA0-9496-374468B71721}"
EndProject
Project("{9A19103F-16F7-4668-BE54-9A1E7A4F7556}") = "UserManagementLibrary", "UserManagementLibrary\UserManagementLibrary.csproj", "{B7442313-10D4-4E57-8761-60A63304502C}"
EndProject
Project("{FAE04EC0-301F-11D3-BF4B-00C04F79EFBC}") = "UserManagementAPI.Tests", "UserManagementAPI.Tests\UserManagementAPI.Tests.csproj", "{7BB5BB7C-F5F8-4B8B-9243-981A3576AC27}"
EndProject
Global
	GlobalSection(SolutionConfigurationPlatforms) = preSolution
		Debug|Any CPU = Debug|Any CPU
		Release|Any CPU = Release|Any CPU
	EndGlobalSection
	GlobalSection(ProjectConfigurationPlatforms) = postSolution
		{082DA4FC-1D19-4FA0-9496-374468B71721}.Debug|Any CPU.ActiveCfg = Debug|Any CPU
		{082DA4FC-1D19-4FA0-9496-374468B71721}.Debug|Any CPU.Build.0 = Debug|Any CPU
		{082DA4FC-1D19-4FA0-9496-374468B71721}.Release|Any CPU.ActiveCfg = Release|Any CPU
		{082DA4FC-1D19-4FA0-9496-374468B71721}.Release|Any CPU.Build.0 = Release|Any CPU
		{B7442313-10D4-4E57-8761-60A63304502C}.Debug|Any CPU.ActiveCfg = Debug|Any CPU
		{B7442313-10D4-4E57-8761-60A63304502C}.Debug|Any CPU.Build.0 = Debug|Any CPU
		{B7442313-10D4-4E57-8761-60A63304502C}.Release|Any CPU.ActiveCfg = Release|Any CPU
		{B7442313-10D4-4E57-8761-60A63304502C}.Release|Any CPU.Build.0 = Release|Any CPU
		{7BB5BB7C-F5F8-4B8B-9243-981A3576AC27}.Debug|Any CPU.ActiveCfg = Debug|Any CPU
		{7BB5BB7C-F5F8-4B8B-9243-981A3576AC27}.Debug|Any CPU.Build.0 = Debug|Any CPU
		{7BB5BB7C-F5F8-4B8B-9243-981A3576AC27}.Release|Any CPU.ActiveCfg = Release|Any CPU
		{7BB5BB7C-F5F8-4B8B-9243-981A3576AC27}.Release|Any CPU.Build.0 = Release|Any CPU
	EndGlobalSection
	GlobalSection(SolutionProperties) = preSolution
		HideSolutionNode = FALSE
	EndGlobalSection
	GlobalSection(ExtensibilityGlobals) = postSolution
		SolutionGuid = {DCD0F3AE-E0CE-44F1-BE50-7DD51D57E02D}
	EndGlobalSection
EndGlobal
